
Microsoft Visual Studio Solution File, Format Version 12.00
# Visual Studio 14
VisualStudioVersion = 14.0.24720.0
MinimumVisualStudioVersion = 10.0.40219.1
Project("{FAE04EC0-301F-11D3-BF4B-00C04F79EFBC}") = "DemoSite", "DemoSite\DemoSite.csproj", "{1BB5B3BA-068C-470A-A2FF-3EB02685B40C}"
EndProject
Project("{FAE04EC0-301F-11D3-BF4B-00C04F79EFBC}") = "ClassLibrary1", "C:\Users\pu\Documents\Visual Studio 2015\Projects\EntityFrameWorkTest\ClassLibrary1\ClassLibrary1.csproj", "{167997DF-824A-4C96-BE03-D27BF4D16869}"
EndProject
Project("{FAE04EC0-301F-11D3-BF4B-00C04F79EFBC}") = "Bll", "Bll\Bll.csproj", "{52AE9C84-6105-44E0-BD36-B202F9412FE7}"
EndProject
Global
	GlobalSection(SolutionConfigurationPlatforms) = preSolution
		Debug|Any CPU = Debug|Any CPU
		Release|Any CPU = Release|Any CPU
	EndGlobalSection
	GlobalSection(ProjectConfigurationPlatforms) = postSolution
		{1BB5B3BA-068C-470A-A2FF-3EB02685B40C}.Debug|Any CPU.ActiveCfg = Debug|Any CPU
		{1BB5B3BA-068C-470A-A2FF-3EB02685B40C}.Debug|Any CPU.Build.0 = Debug|Any CPU
		{1BB5B3BA-068C-470A-A2FF-3EB02685B40C}.Release|Any CPU.ActiveCfg = Release|Any CPU
		{1BB5B3BA-068C-470A-A2FF-3EB02685B40C}.Release|Any CPU.Build.0 = Release|Any CPU
		{167997DF-824A-4C96-BE03-D27BF4D16869}.Debug|Any CPU.ActiveCfg = Debug|Any CPU
		{167997DF-824A-4C96-BE03-D27BF4D16869}.Debug|Any CPU.Build.0 = Debug|Any CPU
		{167997DF-824A-4C96-BE03-D27BF4D16869}.Release|Any CPU.ActiveCfg = Release|Any CPU
		{167997DF-824A-4C96-BE03-D27BF4D16869}.Release|Any CPU.Build.0 = Release|Any CPU
		{52AE9C84-6105-44E0-BD36-B202F9412FE7}.Debug|Any CPU.ActiveCfg = Debug|Any CPU
		{52AE9C84-6105-44E0-BD36-B202F9412FE7}.Debug|Any CPU.Build.0 = Debug|Any CPU
		{52AE9C84-6105-44E0-BD36-B202F9412FE7}.Release|Any CPU.ActiveCfg = Release|Any CPU
		{52AE9C84-6105-44E0-BD36-B202F9412FE7}.Release|Any CPU.Build.0 = Release|Any CPU
	EndGlobalSection
	GlobalSection(SolutionProperties) = preSolution
		HideSolutionNode = FALSE
	EndGlobalSection
EndGlobal
